
Microsoft Visual Studio Solution File, Format Version 12.00
# Visual Studio Version 16
VisualStudioVersion = 16.0.30011.22
MinimumVisualStudioVersion = 10.0.40219.1
Project("{FAE04EC0-301F-11D3-BF4B-00C04F79EFBC}") = "TwitterView", "TwitterView\TwitterView.csproj", "{99CE2D0A-DBF4-4AA5-B2E3-991248EAEB83}"
EndProject
Global
	GlobalSection(SolutionConfigurationPlatforms) = preSolution
		Debug|Any CPU = Debug|Any CPU
		Release|Any CPU = Release|Any CPU
	EndGlobalSection
	GlobalSection(ProjectConfigurationPlatforms) = postSolution
		{99CE2D0A-DBF4-4AA5-B2E3-991248EAEB83}.Debug|Any CPU.ActiveCfg = Debug|Any CPU
		{99CE2D0A-DBF4-4AA5-B2E3-991248EAEB83}.Debug|Any CPU.Build.0 = Debug|Any CPU
		{99CE2D0A-DBF4-4AA5-B2E3-991248EAEB83}.Release|Any CPU.ActiveCfg = Release|Any CPU
		{99CE2D0A-DBF4-4AA5-B2E3-991248EAEB83}.Release|Any CPU.Build.0 = Release|Any CPU
	EndGlobalSection
	GlobalSection(SolutionProperties) = preSolution
		HideSolutionNode = FALSE
	EndGlobalSection
	GlobalSection(ExtensibilityGlobals) = postSolution
		SolutionGuid = {30FA9DE0-0B6C-4165-BC34-74AC079B7717}
	EndGlobalSection
EndGlobal
